Microsoft Visual Studio Solution File, Format Version 12.00
Project("{FAE04EC0-301F-11D3-BF4B-00C04F79EFBC}") = "Core", "Core\Core.csproj", "{5EB785E3-FE54-4AEE-A5AA-FAC52F539BE2}"
EndProject
Project("{FAE04EC0-301F-11D3-BF4B-00C04F79EFBC}") = "Display", "Display\Display.csproj", "{23B53236-0C19-4DC2-855E-8FA94B2B39D2}"
EndProject
Project("{FAE04EC0-301F-11D3-BF4B-00C04F79EFBC}") = "DisplayTest", "DisplayTest\DisplayTest.csproj", "{E12BC4FF-4284-4A67-ADA0-EC3812C28699}"
EndProject
Project("{FAE04EC0-301F-11D3-BF4B-00C04F79EFBC}") = "CommunicationClients", "CommunicationClients\CommunicationClients.csproj", "{BC6EE7D2-43FC-4A1C-BDDD-9E83AC0CC70A}"
EndProject
Project("{FAE04EC0-301F-11D3-BF4B-00C04F79EFBC}") = "CoreTest", "CoreTest\CoreTest.csproj", "{F2ED903F-7220-4EEA-B735-5A7692CD4189}"
EndProject
Project("{FAE04EC0-301F-11D3-BF4B-00C04F79EFBC}") = "Dsp", "Dsp\Dsp.csproj", "{A8CBB897-65DE-4A97-B865-6D8EB19333B0}"
EndProject
Project("{FAE04EC0-301F-11D3-BF4B-00C04F79EFBC}") = "DspTest", "DspTest\DspTest.csproj", "{3ED480DD-38FA-4FFA-A1D8-A43AEBAAF08A}"
EndProject
Project("{FAE04EC0-301F-11D3-BF4B-00C04F79EFBC}") = "Camera", "Camera\Camera.csproj", "{C326C121-674F-4B9D-B702-095B3692C05E}"
EndProject
Project("{FAE04EC0-301F-11D3-BF4B-00C04F79EFBC}") = "CameraTest", "CameraTest\CameraTest.csproj", "{ECF93FE2-691D-4A56-8FF8-BC77EC0685B0}"
EndProject
Project("{FAE04EC0-301F-11D3-BF4B-00C04F79EFBC}") = "MatrixTest", "MatrixTest\MatrixTest.csproj", "{055C4115-688A-408E-A06A-103FF29F8F86}"
EndProject
Project("{FAE04EC0-301F-11D3-BF4B-00C04F79EFBC}") = "Matrix", "Matrix\Matrix.csproj", "{868BEAB5-9BBA-4202-802A-FBDF1C46582F}"
EndProject
Project("{FAE04EC0-301F-11D3-BF4B-00C04F79EFBC}") = "MediaPlayer", "MediaPlayer\MediaPlayer.csproj", "{0542B4AB-35CD-49F8-A559-8D7816691A33}"
EndProject
Project("{FAE04EC0-301F-11D3-BF4B-00C04F79EFBC}") = "MediaPlayerTest", "MediaPlayerTest\MediaPlayerTest.csproj", "{9D394D90-C3C7-4259-8A5E-94679077AB5B}"
EndProject
Project("{FAE04EC0-301F-11D3-BF4B-00C04F79EFBC}") = "Motor", "Motor\Motor.csproj", "{D30EC950-11D4-4645-8E9A-3F86E8620AD1}"
EndProject
Project("{FAE04EC0-301F-11D3-BF4B-00C04F79EFBC}") = "MotorTest", "MotorTest\MotorTest.csproj", "{CD062CA5-8175-4B55-8615-012CF7FC3811}"
EndProject
Project("{FAE04EC0-301F-11D3-BF4B-00C04F79EFBC}") = "Conference", "Conference\Conference.csproj", "{D27C924A-3C5A-4276-B855-3E73CDEFCDDC}"
EndProject
Project("{FAE04EC0-301F-11D3-BF4B-00C04F79EFBC}") = "ConferenceTest", "ConferenceTest\ConferenceTest.csproj", "{52AA5AE8-3C0A-4293-822D-88FC40448C01}"
EndProject
Project("{FAE04EC0-301F-11D3-BF4B-00C04F79EFBC}") = "Interface", "Interface\Interface.csproj", "{43F4703F-2AEB-4B5E-A450-548D8AD56D3D}"
EndProject
Project("{FAE04EC0-301F-11D3-BF4B-00C04F79EFBC}") = "Lighting", "Lighting\Lighting.csproj", "{2D9CED27-8BEE-4D89-A91C-80929D8E954F}"
EndProject
Project("{FAE04EC0-301F-11D3-BF4B-00C04F79EFBC}") = "LightingTest", "LightingTest\LightingTest.csproj", "{5F5CF50D-3F75-451E-A494-519CC6F50857}"
EndProject
Project("{FAE04EC0-301F-11D3-BF4B-00C04F79EFBC}") = "Power", "Power\Power.csproj", "{5C21AA81-51B8-4FDB-B85E-7202CAA2C334}"
EndProject
Project("{FAE04EC0-301F-11D3-BF4B-00C04F79EFBC}") = "PowerTest", "PowerTest\PowerTest.csproj", "{1E51A261-B3D8-480F-8FE2-1C0A573F0A8B}"
EndProject
Project("{FAE04EC0-301F-11D3-BF4B-00C04F79EFBC}") = "WirelessPresenter", "WirelessPresenter\WirelessPresenter.csproj", "{3B7BE318-4055-4A28-9307-C37D9EA5596B}"
EndProject
Project("{FAE04EC0-301F-11D3-BF4B-00C04F79EFBC}") = "WirelessPresenterTest", "WirelessPresenterTest\WirelessPresenterTest.csproj", "{D0A3F810-CA26-4D86-8F1E-4AC9F03F74FA}"
EndProject
Global
	GlobalSection(SolutionConfigurationPlatforms) = preSolution
		Debug|Any CPU = Debug|Any CPU
		Release|Any CPU = Release|Any CPU
	EndGlobalSection
	GlobalSection(ProjectConfigurationPlatforms) = postSolution
		{5EB785E3-FE54-4AEE-A5AA-FAC52F539BE2}.Debug|Any CPU.ActiveCfg = Debug|Any CPU
		{5EB785E3-FE54-4AEE-A5AA-FAC52F539BE2}.Debug|Any CPU.Build.0 = Debug|Any CPU
		{5EB785E3-FE54-4AEE-A5AA-FAC52F539BE2}.Release|Any CPU.ActiveCfg = Release|Any CPU
		{5EB785E3-FE54-4AEE-A5AA-FAC52F539BE2}.Release|Any CPU.Build.0 = Release|Any CPU
		{23B53236-0C19-4DC2-855E-8FA94B2B39D2}.Debug|Any CPU.ActiveCfg = Debug|Any CPU
		{23B53236-0C19-4DC2-855E-8FA94B2B39D2}.Debug|Any CPU.Build.0 = Debug|Any CPU
		{23B53236-0C19-4DC2-855E-8FA94B2B39D2}.Release|Any CPU.ActiveCfg = Release|Any CPU
		{23B53236-0C19-4DC2-855E-8FA94B2B39D2}.Release|Any CPU.Build.0 = Release|Any CPU
		{E12BC4FF-4284-4A67-ADA0-EC3812C28699}.Debug|Any CPU.ActiveCfg = Debug|Any CPU
		{E12BC4FF-4284-4A67-ADA0-EC3812C28699}.Debug|Any CPU.Build.0 = Debug|Any CPU
		{E12BC4FF-4284-4A67-ADA0-EC3812C28699}.Release|Any CPU.ActiveCfg = Release|Any CPU
		{E12BC4FF-4284-4A67-ADA0-EC3812C28699}.Release|Any CPU.Build.0 = Release|Any CPU
		{BC6EE7D2-43FC-4A1C-BDDD-9E83AC0CC70A}.Debug|Any CPU.ActiveCfg = Debug|Any CPU
		{BC6EE7D2-43FC-4A1C-BDDD-9E83AC0CC70A}.Debug|Any CPU.Build.0 = Debug|Any CPU
		{BC6EE7D2-43FC-4A1C-BDDD-9E83AC0CC70A}.Release|Any CPU.ActiveCfg = Release|Any CPU
		{BC6EE7D2-43FC-4A1C-BDDD-9E83AC0CC70A}.Release|Any CPU.Build.0 = Release|Any CPU
		{F2ED903F-7220-4EEA-B735-5A7692CD4189}.Debug|Any CPU.ActiveCfg = Debug|Any CPU
		{F2ED903F-7220-4EEA-B735-5A7692CD4189}.Debug|Any CPU.Build.0 = Debug|Any CPU
		{F2ED903F-7220-4EEA-B735-5A7692CD4189}.Release|Any CPU.ActiveCfg = Release|Any CPU
		{F2ED903F-7220-4EEA-B735-5A7692CD4189}.Release|Any CPU.Build.0 = Release|Any CPU
		{A8CBB897-65DE-4A97-B865-6D8EB19333B0}.Debug|Any CPU.ActiveCfg = Debug|Any CPU
		{A8CBB897-65DE-4A97-B865-6D8EB19333B0}.Debug|Any CPU.Build.0 = Debug|Any CPU
		{A8CBB897-65DE-4A97-B865-6D8EB19333B0}.Release|Any CPU.ActiveCfg = Release|Any CPU
		{A8CBB897-65DE-4A97-B865-6D8EB19333B0}.Release|Any CPU.Build.0 = Release|Any CPU
		{3ED480DD-38FA-4FFA-A1D8-A43AEBAAF08A}.Debug|Any CPU.ActiveCfg = Debug|Any CPU
		{3ED480DD-38FA-4FFA-A1D8-A43AEBAAF08A}.Debug|Any CPU.Build.0 = Debug|Any CPU
		{3ED480DD-38FA-4FFA-A1D8-A43AEBAAF08A}.Release|Any CPU.ActiveCfg = Release|Any CPU
		{3ED480DD-38FA-4FFA-A1D8-A43AEBAAF08A}.Release|Any CPU.Build.0 = Release|Any CPU
		{C326C121-674F-4B9D-B702-095B3692C05E}.Debug|Any CPU.ActiveCfg = Debug|Any CPU
		{C326C121-674F-4B9D-B702-095B3692C05E}.Debug|Any CPU.Build.0 = Debug|Any CPU
		{C326C121-674F-4B9D-B702-095B3692C05E}.Release|Any CPU.ActiveCfg = Release|Any CPU
		{C326C121-674F-4B9D-B702-095B3692C05E}.Release|Any CPU.Build.0 = Release|Any CPU
		{ECF93FE2-691D-4A56-8FF8-BC77EC0685B0}.Debug|Any CPU.ActiveCfg = Debug|Any CPU
		{ECF93FE2-691D-4A56-8FF8-BC77EC0685B0}.Debug|Any CPU.Build.0 = Debug|Any CPU
		{ECF93FE2-691D-4A56-8FF8-BC77EC0685B0}.Release|Any CPU.ActiveCfg = Release|Any CPU
		{ECF93FE2-691D-4A56-8FF8-BC77EC0685B0}.Release|Any CPU.Build.0 = Release|Any CPU
		{055C4115-688A-408E-A06A-103FF29F8F86}.Debug|Any CPU.ActiveCfg = Debug|Any CPU
		{055C4115-688A-408E-A06A-103FF29F8F86}.Debug|Any CPU.Build.0 = Debug|Any CPU
		{055C4115-688A-408E-A06A-103FF29F8F86}.Release|Any CPU.ActiveCfg = Release|Any CPU
		{055C4115-688A-408E-A06A-103FF29F8F86}.Release|Any CPU.Build.0 = Release|Any CPU
		{868BEAB5-9BBA-4202-802A-FBDF1C46582F}.Debug|Any CPU.ActiveCfg = Debug|Any CPU
		{868BEAB5-9BBA-4202-802A-FBDF1C46582F}.Debug|Any CPU.Build.0 = Debug|Any CPU
		{868BEAB5-9BBA-4202-802A-FBDF1C46582F}.Release|Any CPU.ActiveCfg = Release|Any CPU
		{868BEAB5-9BBA-4202-802A-FBDF1C46582F}.Release|Any CPU.Build.0 = Release|Any CPU
		{0542B4AB-35CD-49F8-A559-8D7816691A33}.Debug|Any CPU.ActiveCfg = Debug|Any CPU
		{0542B4AB-35CD-49F8-A559-8D7816691A33}.Debug|Any CPU.Build.0 = Debug|Any CPU
		{0542B4AB-35CD-49F8-A559-8D7816691A33}.Release|Any CPU.ActiveCfg = Release|Any CPU
		{0542B4AB-35CD-49F8-A559-8D7816691A33}.Release|Any CPU.Build.0 = Release|Any CPU
		{9D394D90-C3C7-4259-8A5E-94679077AB5B}.Debug|Any CPU.ActiveCfg = Debug|Any CPU
		{9D394D90-C3C7-4259-8A5E-94679077AB5B}.Debug|Any CPU.Build.0 = Debug|Any CPU
		{9D394D90-C3C7-4259-8A5E-94679077AB5B}.Release|Any CPU.ActiveCfg = Release|Any CPU
		{9D394D90-C3C7-4259-8A5E-94679077AB5B}.Release|Any CPU.Build.0 = Release|Any CPU
		{D30EC950-11D4-4645-8E9A-3F86E8620AD1}.Debug|Any CPU.ActiveCfg = Debug|Any CPU
		{D30EC950-11D4-4645-8E9A-3F86E8620AD1}.Debug|Any CPU.Build.0 = Debug|Any CPU
		{D30EC950-11D4-4645-8E9A-3F86E8620AD1}.Release|Any CPU.ActiveCfg = Release|Any CPU
		{D30EC950-11D4-4645-8E9A-3F86E8620AD1}.Release|Any CPU.Build.0 = Release|Any CPU
		{CD062CA5-8175-4B55-8615-012CF7FC3811}.Debug|Any CPU.ActiveCfg = Debug|Any CPU
		{CD062CA5-8175-4B55-8615-012CF7FC3811}.Debug|Any CPU.Build.0 = Debug|Any CPU
		{CD062CA5-8175-4B55-8615-012CF7FC3811}.Release|Any CPU.ActiveCfg = Release|Any CPU
		{CD062CA5-8175-4B55-8615-012CF7FC3811}.Release|Any CPU.Build.0 = Release|Any CPU
		{D27C924A-3C5A-4276-B855-3E73CDEFCDDC}.Debug|Any CPU.ActiveCfg = Debug|Any CPU
		{D27C924A-3C5A-4276-B855-3E73CDEFCDDC}.Debug|Any CPU.Build.0 = Debug|Any CPU
		{D27C924A-3C5A-4276-B855-3E73CDEFCDDC}.Release|Any CPU.ActiveCfg = Release|Any CPU
		{D27C924A-3C5A-4276-B855-3E73CDEFCDDC}.Release|Any CPU.Build.0 = Release|Any CPU
		{52AA5AE8-3C0A-4293-822D-88FC40448C01}.Debug|Any CPU.ActiveCfg = Debug|Any CPU
		{52AA5AE8-3C0A-4293-822D-88FC40448C01}.Debug|Any CPU.Build.0 = Debug|Any CPU
		{52AA5AE8-3C0A-4293-822D-88FC40448C01}.Release|Any CPU.ActiveCfg = Release|Any CPU
		{52AA5AE8-3C0A-4293-822D-88FC40448C01}.Release|Any CPU.Build.0 = Release|Any CPU
		{43F4703F-2AEB-4B5E-A450-548D8AD56D3D}.Debug|Any CPU.ActiveCfg = Debug|Any CPU
		{43F4703F-2AEB-4B5E-A450-548D8AD56D3D}.Debug|Any CPU.Build.0 = Debug|Any CPU
		{43F4703F-2AEB-4B5E-A450-548D8AD56D3D}.Release|Any CPU.ActiveCfg = Release|Any CPU
		{43F4703F-2AEB-4B5E-A450-548D8AD56D3D}.Release|Any CPU.Build.0 = Release|Any CPU
		{2D9CED27-8BEE-4D89-A91C-80929D8E954F}.Debug|Any CPU.ActiveCfg = Debug|Any CPU
		{2D9CED27-8BEE-4D89-A91C-80929D8E954F}.Debug|Any CPU.Build.0 = Debug|Any CPU
		{2D9CED27-8BEE-4D89-A91C-80929D8E954F}.Release|Any CPU.ActiveCfg = Release|Any CPU
		{2D9CED27-8BEE-4D89-A91C-80929D8E954F}.Release|Any CPU.Build.0 = Release|Any CPU
		{5F5CF50D-3F75-451E-A494-519CC6F50857}.Debug|Any CPU.ActiveCfg = Debug|Any CPU
		{5F5CF50D-3F75-451E-A494-519CC6F50857}.Debug|Any CPU.Build.0 = Debug|Any CPU
		{5F5CF50D-3F75-451E-A494-519CC6F50857}.Release|Any CPU.ActiveCfg = Release|Any CPU
		{5F5CF50D-3F75-451E-A494-519CC6F50857}.Release|Any CPU.Build.0 = Release|Any CPU
		{5C21AA81-51B8-4FDB-B85E-7202CAA2C334}.Debug|Any CPU.ActiveCfg = Debug|Any CPU
		{5C21AA81-51B8-4FDB-B85E-7202CAA2C334}.Debug|Any CPU.Build.0 = Debug|Any CPU
		{5C21AA81-51B8-4FDB-B85E-7202CAA2C334}.Release|Any CPU.ActiveCfg = Release|Any CPU
		{5C21AA81-51B8-4FDB-B85E-7202CAA2C334}.Release|Any CPU.Build.0 = Release|Any CPU
		{1E51A261-B3D8-480F-8FE2-1C0A573F0A8B}.Debug|Any CPU.ActiveCfg = Debug|Any CPU
		{1E51A261-B3D8-480F-8FE2-1C0A573F0A8B}.Debug|Any CPU.Build.0 = Debug|Any CPU
		{1E51A261-B3D8-480F-8FE2-1C0A573F0A8B}.Release|Any CPU.ActiveCfg = Release|Any CPU
		{1E51A261-B3D8-480F-8FE2-1C0A573F0A8B}.Release|Any CPU.Build.0 = Release|Any CPU
		{3B7BE318-4055-4A28-9307-C37D9EA5596B}.Debug|Any CPU.ActiveCfg = Debug|Any CPU
		{3B7BE318-4055-4A28-9307-C37D9EA5596B}.Debug|Any CPU.Build.0 = Debug|Any CPU
		{3B7BE318-4055-4A28-9307-C37D9EA5596B}.Release|Any CPU.ActiveCfg = Release|Any CPU
		{3B7BE318-4055-4A28-9307-C37D9EA5596B}.Release|Any CPU.Build.0 = Release|Any CPU
		{D0A3F810-CA26-4D86-8F1E-4AC9F03F74FA}.Debug|Any CPU.ActiveCfg = Debug|Any CPU
		{D0A3F810-CA26-4D86-8F1E-4AC9F03F74FA}.Debug|Any CPU.Build.0 = Debug|Any CPU
		{D0A3F810-CA26-4D86-8F1E-4AC9F03F74FA}.Release|Any CPU.ActiveCfg = Release|Any CPU
		{D0A3F810-CA26-4D86-8F1E-4AC9F03F74FA}.Release|Any CPU.Build.0 = Release|Any CPU
	EndGlobalSection
EndGlobal
